PackratFormat: 1.4
PackratVersion: 0.5.0
RVersion: 3.5.1
Repos: CRAN=https://lib.ugent.be/CRAN/

Package: DDD
Source: CRAN
Version: 3.7
Hash: 043a9be8a01c84cb37ea6166edb11f71
Requires: SparseM, ade4, ape, deSolve, expm, phytools, pracma, subplex,
    testthat

Package: Matrix
Source: CRAN
Version: 1.2-14
Hash: 521aa8772a1941dfdb007bf532d19dde

Package: R6
Source: CRAN
Version: 2.3.0
Hash: 8eccabbf292b5aba632985cde6406fc3

Package: Rcpp
Source: CRAN
Version: 1.0.0
Hash: c7273c0f0bc9f5e41f4c52a8cf571f0f

Package: SparseM
Source: CRAN
Version: 1.77
Hash: 08f1f60e1038957030bcd9f4a58d22d8

Package: ade4
Source: CRAN
Version: 1.7-13
Hash: 4996ae7028eef9acdb88827d856bb0ff

Package: animation
Source: CRAN
Version: 2.5
Hash: 2db95e150a4835a0c203686c934b0369

Package: ape
Source: CRAN
Version: 5.2
Hash: 0daa78c012f4c093abd7be16c7434eef
Requires: Rcpp

Package: assertthat
Source: CRAN
Version: 0.2.0
Hash: e8805df54c65ac96d50235c44a82615c

Package: cli
Source: CRAN
Version: 1.0.1
Hash: a742a3229dbf7085c3a737af10e5065b
Requires: assertthat, crayon

Package: clusterGeneration
Source: CRAN
Version: 1.3.4
Hash: ea06f705b13d4504f51270a302a7f11a

Package: coda
Source: CRAN
Version: 0.19-2
Hash: e0d016096b2ba2fc99e9ad8d168697dd

Package: combinat
Source: CRAN
Version: 0.0-8
Hash: 1ddebf0315ec8a5c255adc4da9143b81

Package: crayon
Source: CRAN
Version: 1.3.4
Hash: ff2840dd9b0d563fc80377a5a45510cd

Package: deSolve
Source: CRAN
Version: 1.21
Hash: bbabc1cebd5812dbf7de9275d5086558

Package: digest
Source: CRAN
Version: 0.6.18
Hash: 65f62365ec69ddd17230d2ffe891a6ab

Package: doParallel
Source: CRAN
Version: 1.0.14
Hash: 7e564b9d723d8648b18457baba2a1383
Requires: foreach, iterators

Package: expm
Source: CRAN
Version: 0.999-3
Hash: eca86de576f8b2a2661c79100cfbf647

Package: fastmatch
Source: CRAN
Version: 1.1-0
Hash: 932691e01f5e2d6de914fd4b847f37c8

Package: foreach
Source: CRAN
Version: 1.4.4
Hash: 4df5ab2c8c35382dacab75d414da6748
Requires: iterators

Package: igraph
Source: CRAN
Version: 1.2.2
Hash: 1e95612a0034372c6a387fbeff90992f
Requires: magrittr, pkgconfig

Package: iterators
Source: CRAN
Version: 1.0.10
Hash: 9f8af91e4a3487a282d7dea67513e519

Package: magrittr
Source: CRAN
Version: 1.5
Hash: bdc4d48c3135e8f3b399536ddf160df4

Package: maps
Source: CRAN
Version: 3.3.0
Hash: 0815ed94aca05c7aeb177ebddd4ee23b

Package: mnormt
Source: CRAN
Version: 1.5-5
Hash: d0d5efbb1fb26d2dc5f9394c223084b5

Package: numDeriv
Source: CRAN
Version: 2016.8-1
Hash: 3a9d0fc99ba2f6aaa500b3d584962be2

Package: packrat
Source: CRAN
Version: 0.5.0
Hash: 498643e765d1442ba7b1160a1df3abf9

Package: phangorn
Source: CRAN
Version: 2.4.0
Hash: 31e9dff9d64b7657d592afd11be7ac48
Requires: Rcpp, ape, fastmatch, igraph, magrittr, quadprog

Package: phytools
Source: CRAN
Version: 0.6-60
Hash: d15fdcef42ac60da8c54fd21d05b0b75
Requires: animation, ape, clusterGeneration, coda, combinat, expm,
    maps, mnormt, numDeriv, phangorn, plotrix, scatterplot3d

Package: pkgconfig
Source: CRAN
Version: 2.0.2
Hash: b0fd6ed908e150b77e5f00c6478bd58c

Package: plotrix
Source: CRAN
Version: 3.7-4
Hash: f6b317be08f277a626884a41abc31798

Package: pracma
Source: CRAN
Version: 2.1.8
Hash: a6c11155846dae0af2a3c2b84b970fe8

Package: praise
Source: CRAN
Version: 1.0.0
Hash: 77da8f1df873a4b91e5c4a68fe2fb1b6

Package: quadprog
Source: CRAN
Version: 1.5-5
Hash: 69000b7dc41b09977dcf781f909d235c

Package: rlang
Source: CRAN
Version: 0.3.0.1
Hash: 35fb7a51d5d756c56f793ed9c381fb84

Package: scatterplot3d
Source: CRAN
Version: 0.3-41
Hash: b888e3767f9823ef3a1cbdcacca00836

Package: subplex
Source: CRAN
Version: 1.5-4
Hash: 4c26fad438e79897aca30d3fa02a5e19

Package: tensor
Source: CRAN
Version: 1.5
Hash: 6a56cfa4bdf989a4b74b7ca542dfaeeb

Package: testthat
Source: CRAN
Version: 2.0.1
Hash: 777eb6e94f5a62bf6320fecf0175bbbb
Requires: R6, cli, crayon, digest, magrittr, praise, rlang, withr

Package: withr
Source: CRAN
Version: 2.1.2
Hash: d534108bcd5f34ec73e9eb523751ba20
